// !$*UTF8*$!
{
	archiveVersion = 1;
	classes = {
	};
	objectVersion = 56;
	objects = {

/* Begin PBXBuildFile section */
		181F87DA2E00A3AD004FB8EF /* AppDelegate.swift in Sources */ = {isa = PBXBuildFile; fileRef = 181F87D92E00A3AD004FB8EF /* AppDelegate.swift */; };
		181F87DC2E00A3AD004FB8EF /* SceneDelegate.swift in Sources */ = {isa = PBXBuildFile; fileRef = 181F87DB2E00A3AD004FB8EF /* SceneDelegate.swift */; };
		181F87E32E00A3AF004FB8EF /* Assets.xcassets in Resources */ = {isa = PBXBuildFile; fileRef = 181F87E22E00A3AF004FB8EF /* Assets.xcassets */; };
		181F87E62E00A3AF004FB8EF /* LaunchScreen.storyboard in Resources */ = {isa = PBXBuildFile; fileRef = 181F87E42E00A3AF004FB8EF /* LaunchScreen.storyboard */; };
		185FC7C32E034FB600C0772B /* DetailsUI.swift in Sources */ = {isa = PBXBuildFile; fileRef = 185FC7C22E034FB600C0772B /* DetailsUI.swift */; };
		185FC7C72E03510900C0772B /* DetailsUserCell.swift in Sources */ = {isa = PBXBuildFile; fileRef = 185FC7C62E03510900C0772B /* DetailsUserCell.swift */; };
		185FC7C92E03511D00C0772B /* RepositoryCell.swift in Sources */ = {isa = PBXBuildFile; fileRef = 185FC7C82E03511D00C0772B /* RepositoryCell.swift */; };
		185FC7CB2E03536F00C0772B /* UserDetailsRowViewModel.swift in Sources */ = {isa = PBXBuildFile; fileRef = 185FC7CA2E03536F00C0772B /* UserDetailsRowViewModel.swift */; };
		185FC7CD2E03548100C0772B /* DetailsViewModel.swift in Sources */ = {isa = PBXBuildFile; fileRef = 185FC7CC2E03548100C0772B /* DetailsViewModel.swift */; };
		185FC7CF2E04676C00C0772B /* Repository.swift in Sources */ = {isa = PBXBuildFile; fileRef = 185FC7CE2E04676C00C0772B /* Repository.swift */; };
		185FC7D12E04682500C0772B /* RepositoryRowViewModel.swift in Sources */ = {isa = PBXBuildFile; fileRef = 185FC7D02E04682500C0772B /* RepositoryRowViewModel.swift */; };
		185FC7D32E05B65000C0772B /* Localizable.xcstrings in Resources */ = {isa = PBXBuildFile; fileRef = 185FC7D22E05B65000C0772B /* Localizable.xcstrings */; };
		185FC7D92E0731C300C0772B /* ListUsersCoordinatorTests.swift in Sources */ = {isa = PBXBuildFile; fileRef = 185FC7D82E0731C300C0772B /* ListUsersCoordinatorTests.swift */; };
		185FC7E02E0732CE00C0772B /* MockNetworkService.swift in Sources */ = {isa = PBXBuildFile; fileRef = 185FC7DF2E0732CE00C0772B /* MockNetworkService.swift */; };
		185FC7E52E0732DA00C0772B /* users_response.json in Resources */ = {isa = PBXBuildFile; fileRef = 185FC7E32E0732DA00C0772B /* users_response.json */; };
		185FC7E72E0732E100C0772B /* MockUsersUseCase.swift in Sources */ = {isa = PBXBuildFile; fileRef = 185FC7E62E0732E000C0772B /* MockUsersUseCase.swift */; };
		185FC7E92E0732EC00C0772B /* MockListUsersCoordinator.swift in Sources */ = {isa = PBXBuildFile; fileRef = 185FC7E82E0732EC00C0772B /* MockListUsersCoordinator.swift */; };
		185FC7EB2E0732F700C0772B /* MockResponseBuilder.swift in Sources */ = {isa = PBXBuildFile; fileRef = 185FC7EA2E0732F600C0772B /* MockResponseBuilder.swift */; };
		185FC7EE2E073C2600C0772B /* user_details_response_empty.json in Resources */ = {isa = PBXBuildFile; fileRef = 185FC7EC2E073C2600C0772B /* user_details_response_empty.json */; };
		185FC7EF2E073C2600C0772B /* user_details_response.json in Resources */ = {isa = PBXBuildFile; fileRef = 185FC7ED2E073C2600C0772B /* user_details_response.json */; };
		185FC8142E073D3500C0772B /* users_response_empty.json in Resources */ = {isa = PBXBuildFile; fileRef = 185FC8132E073D3500C0772B /* users_response_empty.json */; };
		185FC8162E073D5500C0772B /* user_repos_response.json in Resources */ = {isa = PBXBuildFile; fileRef = 185FC8152E073D5500C0772B /* user_repos_response.json */; };
		185FC8322E073D7E00C0772B /* user_repos_response_empty.json in Resources */ = {isa = PBXBuildFile; fileRef = 185FC8312E073D7E00C0772B /* user_repos_response_empty.json */; };
		185FC8342E073F7800C0772B /* XCTestAysncExpectation.swift in Sources */ = {isa = PBXBuildFile; fileRef = 185FC8332E073F7800C0772B /* XCTestAysncExpectation.swift */; };
		185FC83A2E07410B00C0772B /* ListUsersViewModelTests.swift in Sources */ = {isa = PBXBuildFile; fileRef = 185FC8392E07410B00C0772B /* ListUsersViewModelTests.swift */; };
		185FC8402E0743E300C0772B /* UserDetailsUseCaseTests.swift in Sources */ = {isa = PBXBuildFile; fileRef = 185FC83E2E0743E300C0772B /* UserDetailsUseCaseTests.swift */; };
		185FC8412E0743E300C0772B /* GithubUsersUseCaseTests.swift in Sources */ = {isa = PBXBuildFile; fileRef = 185FC83F2E0743E300C0772B /* GithubUsersUseCaseTests.swift */; };
		185FC8462E07476400C0772B /* DetailsViewModelTests.swift in Sources */ = {isa = PBXBuildFile; fileRef = 185FC8452E07476400C0772B /* DetailsViewModelTests.swift */; };
		185FC8482E0747CA00C0772B /* MockUserDetailsUseCase.swift in Sources */ = {isa = PBXBuildFile; fileRef = 185FC8472E0747CA00C0772B /* MockUserDetailsUseCase.swift */; };
		185FC84A2E07489200C0772B /* MockUserDetailsCoordinator.swift in Sources */ = {isa = PBXBuildFile; fileRef = 185FC8492E07489200C0772B /* MockUserDetailsCoordinator.swift */; };
		1871EE7C2E00A44B00BEDD99 /* AppCoordinator.swift in Sources */ = {isa = PBXBuildFile; fileRef = 1871EE7B2E00A44B00BEDD99 /* AppCoordinator.swift */; };
		1871EE7E2E00A45200BEDD99 /* AppServiceLocator.swift in Sources */ = {isa = PBXBuildFile; fileRef = 1871EE7D2E00A45200BEDD99 /* AppServiceLocator.swift */; };
		1871EE852E00A52500BEDD99 /* Strings.swift in Sources */ = {isa = PBXBuildFile; fileRef = 1871EE842E00A52500BEDD99 /* Strings.swift */; };
		1871EE892E00A5E000BEDD99 /* ListUsersViewModel.swift in Sources */ = {isa = PBXBuildFile; fileRef = 1871EE882E00A5E000BEDD99 /* ListUsersViewModel.swift */; };
		1871EE8B2E00A62B00BEDD99 /* ListUsersViewController.swift in Sources */ = {isa = PBXBuildFile; fileRef = 1871EE8A2E00A62B00BEDD99 /* ListUsersViewController.swift */; };
		1871EE8D2E00A6F400BEDD99 /* ListUsersUI.swift in Sources */ = {isa = PBXBuildFile; fileRef = 1871EE8C2E00A6F400BEDD99 /* ListUsersUI.swift */; };
		1871EE932E00A7A000BEDD99 /* BaseUI.swift in Sources */ = {isa = PBXBuildFile; fileRef = 1871EE922E00A7A000BEDD99 /* BaseUI.swift */; };
		1871EE952E00A84300BEDD99 /* ListUsersViewControllerFactory.swift in Sources */ = {isa = PBXBuildFile; fileRef = 1871EE942E00A84300BEDD99 /* ListUsersViewControllerFactory.swift */; };
		1871EE982E00A87B00BEDD99 /* GithubUserUseCase.swift in Sources */ = {isa = PBXBuildFile; fileRef = 1871EE972E00A87B00BEDD99 /* GithubUserUseCase.swift */; };
		1871EE9A2E00AD2300BEDD99 /* User.swift in Sources */ = {isa = PBXBuildFile; fileRef = 1871EE992E00AD2300BEDD99 /* User.swift */; };
		1871EE9D2E00AD9200BEDD99 /* Coordinator in Frameworks */ = {isa = PBXBuildFile; productRef = 1871EE9C2E00AD9200BEDD99 /* Coordinator */; };
		1871EE9F2E00AD9500BEDD99 /* DesignSystem in Frameworks */ = {isa = PBXBuildFile; productRef = 1871EE9E2E00AD9500BEDD99 /* DesignSystem */; };
		1871EEA12E00AD9800BEDD99 /* Extensions in Frameworks */ = {isa = PBXBuildFile; productRef = 1871EEA02E00AD9800BEDD99 /* Extensions */; };
		1871EEA32E00AD9B00BEDD99 /* Networking in Frameworks */ = {isa = PBXBuildFile; productRef = 1871EEA22E00AD9B00BEDD99 /* Networking */; };
		1871EEA52E00AE1900BEDD99 /* SnapKit in Frameworks */ = {isa = PBXBuildFile; productRef = 1871EEA42E00AE1900BEDD99 /* SnapKit */; };
		1871EEA82E00BA8900BEDD99 /* AppNavigationController.swift in Sources */ = {isa = PBXBuildFile; fileRef = 1871EEA72E00BA8900BEDD99 /* AppNavigationController.swift */; };
		1871EEAA2E00BABD00BEDD99 /* ListUsersCoordinator.swift in Sources */ = {isa = PBXBuildFile; fileRef = 1871EEA92E00BABD00BEDD99 /* ListUsersCoordinator.swift */; };
		1871EEAD2E00BEC900BEDD99 /* UserCell.swift in Sources */ = {isa = PBXBuildFile; fileRef = 1871EEAC2E00BEC900BEDD99 /* UserCell.swift */; };
		1871EEB02E00C01300BEDD99 /* UIViewController.swift in Sources */ = {isa = PBXBuildFile; fileRef = 1871EEAF2E00C01300BEDD99 /* UIViewController.swift */; };
		1871EEB62E00C26800BEDD99 /* DefaultUsersUseCase.swift in Sources */ = {isa = PBXBuildFile; fileRef = 1871EEB52E00C26800BEDD99 /* DefaultUsersUseCase.swift */; };
		1871EEBA2E00C74600BEDD99 /* UIImageView.swift in Sources */ = {isa = PBXBuildFile; fileRef = 1871EEB92E00C74600BEDD99 /* UIImageView.swift */; };
		1894B9652E01701E00AC97DA /* SDWebImage in Frameworks */ = {isa = PBXBuildFile; productRef = 1894B9642E01701E00AC97DA /* SDWebImage */; };
		1894B9672E01774F00AC97DA /* EndPoint+Users.swift in Sources */ = {isa = PBXBuildFile; fileRef = 1894B9662E01774F00AC97DA /* EndPoint+Users.swift */; };
		1894B96B2E01C5C500AC97DA /* Utils in Frameworks */ = {isa = PBXBuildFile; productRef = 1894B96A2E01C5C500AC97DA /* Utils */; };
		1894B96F2E01F09500AC97DA /* UserRowViewModel.swift in Sources */ = {isa = PBXBuildFile; fileRef = 1894B96E2E01F09500AC97DA /* UserRowViewModel.swift */; };
		1894B9722E01F4D800AC97DA /* DetailsCoordinator.swift in Sources */ = {isa = PBXBuildFile; fileRef = 1894B9712E01F4D800AC97DA /* DetailsCoordinator.swift */; };
		1894B9742E01F8AC00AC97DA /* DetailsViewControllerFactory.swift in Sources */ = {isa = PBXBuildFile; fileRef = 1894B9732E01F8AC00AC97DA /* DetailsViewControllerFactory.swift */; };
		1894B9772E01F8F900AC97DA /* DetailsViewController.swift in Sources */ = {isa = PBXBuildFile; fileRef = 1894B9762E01F8F900AC97DA /* DetailsViewController.swift */; };
		1894B9792E01FAB900AC97DA /* UserDetailsUseCase.swift in Sources */ = {isa = PBXBuildFile; fileRef = 1894B9782E01FAB900AC97DA /* UserDetailsUseCase.swift */; };
		1894B97C2E01FAF000AC97DA /* DefaultUserDetailsUseCase.swift in Sources */ = {isa = PBXBuildFile; fileRef = 1894B97B2E01FAEF00AC97DA /* DefaultUserDetailsUseCase.swift */; };
/* End PBXBuildFile section */

/* Begin PBXContainerItemProxy section */
		181F87ED2E00A3AF004FB8EF /* PBXContainerItemProxy */ = {
			isa = PBXContainerItemProxy;
			containerPortal = 181F87CE2E00A3AD004FB8EF /* Project object */;
			proxyType = 1;
			remoteGlobalIDString = 181F87D52E00A3AD004FB8EF;
			remoteInfo = GithubChallenge;
		};
/* End PBXContainerItemProxy section */

/* Begin PBXFileReference section */
		181F87D62E00A3AD004FB8EF /* GithubChallenge.app */ = {isa = PBXFileReference; explicitFileType = wrapper.application; includeInIndex = 0; path = GithubChallenge.app; sourceTree = BUILT_PRODUCTS_DIR; };
		181F87D92E00A3AD004FB8EF /* AppDelegate.swift */ = {isa = PBXFileReference; lastKnownFileType = sourcecode.swift; path = AppDelegate.swift; sourceTree = "<group>"; };
		181F87DB2E00A3AD004FB8EF /* SceneDelegate.swift */ = {isa = PBXFileReference; lastKnownFileType = sourcecode.swift; path = SceneDelegate.swift; sourceTree = "<group>"; };
		181F87E22E00A3AF004FB8EF /* Assets.xcassets */ = {isa = PBXFileReference; lastKnownFileType = folder.assetcatalog; path = Assets.xcassets; sourceTree = "<group>"; };
		181F87E52E00A3AF004FB8EF /* Base */ = {isa = PBXFileReference; lastKnownFileType = file.storyboard; name = Base; path = Base.lproj/LaunchScreen.storyboard; sourceTree = "<group>"; };
		181F87E72E00A3AF004FB8EF /* Info.plist */ = {isa = PBXFileReference; lastKnownFileType = text.plist.xml; path = Info.plist; sourceTree = "<group>"; };
		181F87EC2E00A3AF004FB8EF /* GithubChallengeTests.xctest */ = {isa = PBXFileReference; explicitFileType = wrapper.cfbundle; includeInIndex = 0; path = GithubChallengeTests.xctest; sourceTree = BUILT_PRODUCTS_DIR; };
		181F880A2E00A3BD004FB8EF /* Modules */ = {isa = PBXFileReference; lastKnownFileType = wrapper; name = Modules; path = ../../../../../Downloads/MobileChallange/Modules; sourceTree = "<group>"; };
		185FC7C22E034FB600C0772B /* DetailsUI.swift */ = {isa = PBXFileReference; lastKnownFileType = sourcecode.swift; path = DetailsUI.swift; sourceTree = "<group>"; };
		185FC7C62E03510900C0772B /* DetailsUserCell.swift */ = {isa = PBXFileReference; lastKnownFileType = sourcecode.swift; path = DetailsUserCell.swift; sourceTree = "<group>"; };
		185FC7C82E03511D00C0772B /* RepositoryCell.swift */ = {isa = PBXFileReference; lastKnownFileType = sourcecode.swift; path = RepositoryCell.swift; sourceTree = "<group>"; };
		185FC7CA2E03536F00C0772B /* UserDetailsRowViewModel.swift */ = {isa = PBXFileReference; lastKnownFileType = sourcecode.swift; path = UserDetailsRowViewModel.swift; sourceTree = "<group>"; };
		185FC7CC2E03548100C0772B /* DetailsViewModel.swift */ = {isa = PBXFileReference; lastKnownFileType = sourcecode.swift; path = DetailsViewModel.swift; sourceTree = "<group>"; };
		185FC7CE2E04676C00C0772B /* Repository.swift */ = {isa = PBXFileReference; lastKnownFileType = sourcecode.swift; path = Repository.swift; sourceTree = "<group>"; };
		185FC7D02E04682500C0772B /* RepositoryRowViewModel.swift */ = {isa = PBXFileReference; lastKnownFileType = sourcecode.swift; path = RepositoryRowViewModel.swift; sourceTree = "<group>"; };
		185FC7D22E05B65000C0772B /* Localizable.xcstrings */ = {isa = PBXFileReference; lastKnownFileType = text.json.xcstrings; path = Localizable.xcstrings; sourceTree = "<group>"; };
		185FC7D82E0731C300C0772B /* ListUsersCoordinatorTests.swift */ = {isa = PBXFileReference; lastKnownFileType = sourcecode.swift; path = ListUsersCoordinatorTests.swift; sourceTree = "<group>"; };
		185FC7DF2E0732CE00C0772B /* MockNetworkService.swift */ = {isa = PBXFileReference; fileEncoding = 4; lastKnownFileType = sourcecode.swift; path = MockNetworkService.swift; sourceTree = "<group>"; };
		185FC7E32E0732DA00C0772B /* users_response.json */ = {isa = PBXFileReference; fileEncoding = 4; lastKnownFileType = text.json; path = users_response.json; sourceTree = "<group>"; };
		185FC7E62E0732E000C0772B /* MockUsersUseCase.swift */ = {isa = PBXFileReference; fileEncoding = 4; lastKnownFileType = sourcecode.swift; path = MockUsersUseCase.swift; sourceTree = "<group>"; };
		185FC7E82E0732EC00C0772B /* MockListUsersCoordinator.swift */ = {isa = PBXFileReference; fileEncoding = 4; lastKnownFileType = sourcecode.swift; path = MockListUsersCoordinator.swift; sourceTree = "<group>"; };
		185FC7EA2E0732F600C0772B /* MockResponseBuilder.swift */ = {isa = PBXFileReference; fileEncoding = 4; lastKnownFileType = sourcecode.swift; path = MockResponseBuilder.swift; sourceTree = "<group>"; };
		185FC7EC2E073C2600C0772B /* user_details_response_empty.json */ = {isa = PBXFileReference; fileEncoding = 4; lastKnownFileType = text.json; path = user_details_response_empty.json; sourceTree = "<group>"; };
		185FC7ED2E073C2600C0772B /* user_details_response.json */ = {isa = PBXFileReference; fileEncoding = 4; lastKnownFileType = text.json; path = user_details_response.json; sourceTree = "<group>"; };
		185FC8132E073D3500C0772B /* users_response_empty.json */ = {isa = PBXFileReference; fileEncoding = 4; lastKnownFileType = text.json; path = users_response_empty.json; sourceTree = "<group>"; };
		185FC8152E073D5500C0772B /* user_repos_response.json */ = {isa = PBXFileReference; fileEncoding = 4; lastKnownFileType = text.json; path = user_repos_response.json; sourceTree = "<group>"; };
		185FC8312E073D7E00C0772B /* user_repos_response_empty.json */ = {isa = PBXFileReference; fileEncoding = 4; lastKnownFileType = text.json; path = user_repos_response_empty.json; sourceTree = "<group>"; };
		185FC8332E073F7800C0772B /* XCTestAysncExpectation.swift */ = {isa = PBXFileReference; fileEncoding = 4; lastKnownFileType = sourcecode.swift; path = XCTestAysncExpectation.swift; sourceTree = "<group>"; };
		185FC8392E07410B00C0772B /* ListUsersViewModelTests.swift */ = {isa = PBXFileReference; lastKnownFileType = sourcecode.swift; path = ListUsersViewModelTests.swift; sourceTree = "<group>"; };
		185FC83E2E0743E300C0772B /* UserDetailsUseCaseTests.swift */ = {isa = PBXFileReference; fileEncoding = 4; lastKnownFileType = sourcecode.swift; path = UserDetailsUseCaseTests.swift; sourceTree = "<group>"; };
		185FC83F2E0743E300C0772B /* GithubUsersUseCaseTests.swift */ = {isa = PBXFileReference; fileEncoding = 4; lastKnownFileType = sourcecode.swift; path = GithubUsersUseCaseTests.swift; sourceTree = "<group>"; };
		185FC8452E07476400C0772B /* DetailsViewModelTests.swift */ = {isa = PBXFileReference; lastKnownFileType = sourcecode.swift; path = DetailsViewModelTests.swift; sourceTree = "<group>"; };
		185FC8472E0747CA00C0772B /* MockUserDetailsUseCase.swift */ = {isa = PBXFileReference; lastKnownFileType = sourcecode.swift; path = MockUserDetailsUseCase.swift; sourceTree = "<group>"; };
		185FC8492E07489200C0772B /* MockUserDetailsCoordinator.swift */ = {isa = PBXFileReference; lastKnownFileType = sourcecode.swift; path = MockUserDetailsCoordinator.swift; sourceTree = "<group>"; };
		1871EE7B2E00A44B00BEDD99 /* AppCoordinator.swift */ = {isa = PBXFileReference; fileEncoding = 4; lastKnownFileType = sourcecode.swift; path = AppCoordinator.swift; sourceTree = "<group>"; };
		1871EE7D2E00A45200BEDD99 /* AppServiceLocator.swift */ = {isa = PBXFileReference; fileEncoding = 4; lastKnownFileType = sourcecode.swift; path = AppServiceLocator.swift; sourceTree = "<group>"; };
		1871EE842E00A52500BEDD99 /* Strings.swift */ = {isa = PBXFileReference; fileEncoding = 4; lastKnownFileType = sourcecode.swift; path = Strings.swift; sourceTree = "<group>"; };
		1871EE882E00A5E000BEDD99 /* ListUsersViewModel.swift */ = {isa = PBXFileReference; lastKnownFileType = sourcecode.swift; path = ListUsersViewModel.swift; sourceTree = "<group>"; };
		1871EE8A2E00A62B00BEDD99 /* ListUsersViewController.swift */ = {isa = PBXFileReference; lastKnownFileType = sourcecode.swift; path = ListUsersViewController.swift; sourceTree = "<group>"; };
		1871EE8C2E00A6F400BEDD99 /* ListUsersUI.swift */ = {isa = PBXFileReference; lastKnownFileType = sourcecode.swift; path = ListUsersUI.swift; sourceTree = "<group>"; };
		1871EE922E00A7A000BEDD99 /* BaseUI.swift */ = {isa = PBXFileReference; fileEncoding = 4; lastKnownFileType = sourcecode.swift; path = BaseUI.swift; sourceTree = "<group>"; };
		1871EE942E00A84300BEDD99 /* ListUsersViewControllerFactory.swift */ = {isa = PBXFileReference; lastKnownFileType = sourcecode.swift; path = ListUsersViewControllerFactory.swift; sourceTree = "<group>"; };
		1871EE972E00A87B00BEDD99 /* GithubUserUseCase.swift */ = {isa = PBXFileReference; lastKnownFileType = sourcecode.swift; path = GithubUserUseCase.swift; sourceTree = "<group>"; };
		1871EE992E00AD2300BEDD99 /* User.swift */ = {isa = PBXFileReference; lastKnownFileType = sourcecode.swift; path = User.swift; sourceTree = "<group>"; };
		1871EEA72E00BA8900BEDD99 /* AppNavigationController.swift */ = {isa = PBXFileReference; lastKnownFileType = sourcecode.swift; path = AppNavigationController.swift; sourceTree = "<group>"; };
		1871EEA92E00BABD00BEDD99 /* ListUsersCoordinator.swift */ = {isa = PBXFileReference; lastKnownFileType = sourcecode.swift; path = ListUsersCoordinator.swift; sourceTree = "<group>"; };
		1871EEAC2E00BEC900BEDD99 /* UserCell.swift */ = {isa = PBXFileReference; lastKnownFileType = sourcecode.swift; path = UserCell.swift; sourceTree = "<group>"; };
		1871EEAF2E00C01300BEDD99 /* UIViewController.swift */ = {isa = PBXFileReference; lastKnownFileType = sourcecode.swift; path = UIViewController.swift; sourceTree = "<group>"; };
		1871EEB52E00C26800BEDD99 /* DefaultUsersUseCase.swift */ = {isa = PBXFileReference; lastKnownFileType = sourcecode.swift; path = DefaultUsersUseCase.swift; sourceTree = "<group>"; };
		1871EEB92E00C74600BEDD99 /* UIImageView.swift */ = {isa = PBXFileReference; lastKnownFileType = sourcecode.swift; path = UIImageView.swift; sourceTree = "<group>"; };
		1894B9662E01774F00AC97DA /* EndPoint+Users.swift */ = {isa = PBXFileReference; lastKnownFileType = sourcecode.swift; path = "EndPoint+Users.swift"; sourceTree = "<group>"; };
		1894B96E2E01F09500AC97DA /* UserRowViewModel.swift */ = {isa = PBXFileReference; lastKnownFileType = sourcecode.swift; path = UserRowViewModel.swift; sourceTree = "<group>"; };
		1894B9712E01F4D800AC97DA /* DetailsCoordinator.swift */ = {isa = PBXFileReference; lastKnownFileType = sourcecode.swift; path = DetailsCoordinator.swift; sourceTree = "<group>"; };
		1894B9732E01F8AC00AC97DA /* DetailsViewControllerFactory.swift */ = {isa = PBXFileReference; lastKnownFileType = sourcecode.swift; path = DetailsViewControllerFactory.swift; sourceTree = "<group>"; };
		1894B9762E01F8F900AC97DA /* DetailsViewController.swift */ = {isa = PBXFileReference; lastKnownFileType = sourcecode.swift; path = DetailsViewController.swift; sourceTree = "<group>"; };
		1894B9782E01FAB900AC97DA /* UserDetailsUseCase.swift */ = {isa = PBXFileReference; lastKnownFileType = sourcecode.swift; path = UserDetailsUseCase.swift; sourceTree = "<group>"; };
		1894B97B2E01FAEF00AC97DA /* DefaultUserDetailsUseCase.swift */ = {isa = PBXFileReference; lastKnownFileType = sourcecode.swift; path = DefaultUserDetailsUseCase.swift; sourceTree = "<group>"; };
/* End PBXFileReference section */

/* Begin PBXFrameworksBuildPhase section */
		181F87D32E00A3AD004FB8EF /* Frameworks */ = {
			isa = PBXFrameworksBuildPhase;
			buildActionMask = 2147483647;
			files = (
				1894B9652E01701E00AC97DA /* SDWebImage in Frameworks */,
				1871EEA12E00AD9800BEDD99 /* Extensions in Frameworks */,
				1871EE9D2E00AD9200BEDD99 /* Coordinator in Frameworks */,
				1871EEA32E00AD9B00BEDD99 /* Networking in Frameworks */,
				1871EE9F2E00AD9500BEDD99 /* DesignSystem in Frameworks */,
				1894B96B2E01C5C500AC97DA /* Utils in Frameworks */,
				1871EEA52E00AE1900BEDD99 /* SnapKit in Frameworks */,
			);
			runOnlyForDeploymentPostprocessing = 0;
		};
		181F87E92E00A3AF004FB8EF /* Frameworks */ = {
			isa = PBXFrameworksBuildPhase;
			buildActionMask = 2147483647;
			files = (
			);
			runOnlyForDeploymentPostprocessing = 0;
		};
/* End PBXFrameworksBuildPhase section */

/* Begin PBXGroup section */
		181F87CD2E00A3AD004FB8EF = {
			isa = PBXGroup;
			children = (
				181F88092E00A3B7004FB8EF /* Packages */,
				181F87D82E00A3AD004FB8EF /* GithubChallenge */,
				181F87EF2E00A3AF004FB8EF /* GithubChallengeTests */,
				181F87D72E00A3AD004FB8EF /* Products */,
				1871EE9B2E00AD9200BEDD99 /* Frameworks */,
			);
			sourceTree = "<group>";
		};
		181F87D72E00A3AD004FB8EF /* Products */ = {
			isa = PBXGroup;
			children = (
				181F87D62E00A3AD004FB8EF /* GithubChallenge.app */,
				181F87EC2E00A3AF004FB8EF /* GithubChallengeTests.xctest */,
			);
			name = Products;
			sourceTree = "<group>";
		};
		181F87D82E00A3AD004FB8EF /* GithubChallenge */ = {
			isa = PBXGroup;
			children = (
				1894B9702E01F43E00AC97DA /* Coordinators */,
				1871EE762E00A3E900BEDD99 /* AppRoot */,
				1871EE772E00A3F000BEDD99 /* Common */,
				1871EE782E00A3F500BEDD99 /* Features */,
				1871EE792E00A41300BEDD99 /* Constants */,
				1871EE7A2E00A42600BEDD99 /* Resources */,
				181F87E72E00A3AF004FB8EF /* Info.plist */,
			);
			path = GithubChallenge;
			sourceTree = "<group>";
		};
		181F87EF2E00A3AF004FB8EF /* GithubChallengeTests */ = {
			isa = PBXGroup;
			children = (
				185FC83D2E0743E300C0772B /* UseCases */,
				185FC8382E0740E800C0772B /* ViewModels */,
				185FC7D52E07316F00C0772B /* Coordinator */,
				185FC7DD2E0732B000C0772B /* Mocks */,
				185FC8332E073F7800C0772B /* XCTestAysncExpectation.swift */,
			);
			path = GithubChallengeTests;
			sourceTree = "<group>";
		};
		181F88092E00A3B7004FB8EF /* Packages */ = {
			isa = PBXGroup;
			children = (
				181F880A2E00A3BD004FB8EF /* Modules */,
			);
			path = Packages;
			sourceTree = "<group>";
		};
		185FC7C42E0350C200C0772B /* ViewModels */ = {
			isa = PBXGroup;
			children = (
				185FC7CA2E03536F00C0772B /* UserDetailsRowViewModel.swift */,
				185FC7CC2E03548100C0772B /* DetailsViewModel.swift */,
				185FC7D02E04682500C0772B /* RepositoryRowViewModel.swift */,
			);
			path = ViewModels;
			sourceTree = "<group>";
		};
		185FC7C52E0350C800C0772B /* Cells */ = {
			isa = PBXGroup;
			children = (
				185FC7C62E03510900C0772B /* DetailsUserCell.swift */,
				185FC7C82E03511D00C0772B /* RepositoryCell.swift */,
			);
			path = Cells;
			sourceTree = "<group>";
		};
		185FC7D52E07316F00C0772B /* Coordinator */ = {
			isa = PBXGroup;
			children = (
				185FC7D82E0731C300C0772B /* ListUsersCoordinatorTests.swift */,
			);
			path = Coordinator;
			sourceTree = "<group>";
		};
		185FC7DD2E0732B000C0772B /* Mocks */ = {
			isa = PBXGroup;
			children = (
				185FC7EA2E0732F600C0772B /* MockResponseBuilder.swift */,
				185FC7E82E0732EC00C0772B /* MockListUsersCoordinator.swift */,
				185FC7E62E0732E000C0772B /* MockUsersUseCase.swift */,
				185FC7E12E0732DA00C0772B /* Responses */,
				185FC7DE2E0732CE00C0772B /* NetworkService */,
				185FC8472E0747CA00C0772B /* MockUserDetailsUseCase.swift */,
				185FC8492E07489200C0772B /* MockUserDetailsCoordinator.swift */,
			);
			path = Mocks;
			sourceTree = "<group>";
		};
		185FC7DE2E0732CE00C0772B /* NetworkService */ = {
			isa = PBXGroup;
			children = (
				185FC7DF2E0732CE00C0772B /* MockNetworkService.swift */,
			);
			path = NetworkService;
			sourceTree = "<group>";
		};
		185FC7E12E0732DA00C0772B /* Responses */ = {
			isa = PBXGroup;
			children = (
				185FC8312E073D7E00C0772B /* user_repos_response_empty.json */,
				185FC8152E073D5500C0772B /* user_repos_response.json */,
				185FC8132E073D3500C0772B /* users_response_empty.json */,
				185FC7EC2E073C2600C0772B /* user_details_response_empty.json */,
				185FC7ED2E073C2600C0772B /* user_details_response.json */,
				185FC7E32E0732DA00C0772B /* users_response.json */,
			);
			path = Responses;
			sourceTree = "<group>";
		};
		185FC8382E0740E800C0772B /* ViewModels */ = {
			isa = PBXGroup;
			children = (
				185FC8392E07410B00C0772B /* ListUsersViewModelTests.swift */,
				185FC8452E07476400C0772B /* DetailsViewModelTests.swift */,
			);
			path = ViewModels;
			sourceTree = "<group>";
		};
		185FC83D2E0743E300C0772B /* UseCases */ = {
			isa = PBXGroup;
			children = (
				185FC83E2E0743E300C0772B /* UserDetailsUseCaseTests.swift */,
				185FC83F2E0743E300C0772B /* GithubUsersUseCaseTests.swift */,
			);
			path = UseCases;
			sourceTree = "<group>";
		};
		1871EE762E00A3E900BEDD99 /* AppRoot */ = {
			isa = PBXGroup;
			children = (
				181F87D92E00A3AD004FB8EF /* AppDelegate.swift */,
				181F87DB2E00A3AD004FB8EF /* SceneDelegate.swift */,
				1871EE7D2E00A45200BEDD99 /* AppServiceLocator.swift */,
			);
			path = AppRoot;
			sourceTree = "<group>";
		};
		1871EE772E00A3F000BEDD99 /* Common */ = {
			isa = PBXGroup;
			children = (
				1871EEAE2E00C00400BEDD99 /* UIExtensions */,
				1871EEA62E00BA7700BEDD99 /* Extensions */,
				1871EE912E00A7A000BEDD99 /* UI */,
			);
			path = Common;
			sourceTree = "<group>";
		};
		1871EE782E00A3F500BEDD99 /* Features */ = {
			isa = PBXGroup;
			children = (
				1871EE7F2E00A4AB00BEDD99 /* Scenes */,
				1871EE802E00A4B400BEDD99 /* DataProvider */,
				1871EE812E00A4BD00BEDD99 /* Factory */,
			);
			path = Features;
			sourceTree = "<group>";
		};
		1871EE792E00A41300BEDD99 /* Constants */ = {
			isa = PBXGroup;
			children = (
				1871EE842E00A52500BEDD99 /* Strings.swift */,
			);
			path = Constants;
			sourceTree = "<group>";
		};
		1871EE7A2E00A42600BEDD99 /* Resources */ = {
			isa = PBXGroup;
			children = (
				181F87E42E00A3AF004FB8EF /* LaunchScreen.storyboard */,
				181F87E22E00A3AF004FB8EF /* Assets.xcassets */,
				185FC7D22E05B65000C0772B /* Localizable.xcstrings */,
			);
			path = Resources;
			sourceTree = "<group>";
		};
		1871EE7F2E00A4AB00BEDD99 /* Scenes */ = {
			isa = PBXGroup;
			children = (
				1871EE862E00A57500BEDD99 /* List */,
				1894B9752E01F8E500AC97DA /* Details */,
			);
			path = Scenes;
			sourceTree = "<group>";
		};
		1871EE802E00A4B400BEDD99 /* DataProvider */ = {
			isa = PBXGroup;
			children = (
				1894B97A2E01FAE000AC97DA /* DefaultUserDetailsUseCase */,
				1871EE822E00A4E300BEDD99 /* UseCases */,
				1871EEB42E00C25600BEDD99 /* DefaultUsersUseCase */,
				1871EE832E00A4EF00BEDD99 /* Entities */,
			);
			path = DataProvider;
			sourceTree = "<group>";
		};
		1871EE812E00A4BD00BEDD99 /* Factory */ = {
			isa = PBXGroup;
			children = (
				1871EE942E00A84300BEDD99 /* ListUsersViewControllerFactory.swift */,
				1894B9732E01F8AC00AC97DA /* DetailsViewControllerFactory.swift */,
			);
			path = Factory;
			sourceTree = "<group>";
		};
		1871EE822E00A4E300BEDD99 /* UseCases */ = {
			isa = PBXGroup;
			children = (
				1871EE972E00A87B00BEDD99 /* GithubUserUseCase.swift */,
				1894B9782E01FAB900AC97DA /* UserDetailsUseCase.swift */,
			);
			path = UseCases;
			sourceTree = "<group>";
		};
		1871EE832E00A4EF00BEDD99 /* Entities */ = {
			isa = PBXGroup;
			children = (
				1871EE992E00AD2300BEDD99 /* User.swift */,
				185FC7CE2E04676C00C0772B /* Repository.swift */,
			);
			path = Entities;
			sourceTree = "<group>";
		};
		1871EE862E00A57500BEDD99 /* List */ = {
			isa = PBXGroup;
			children = (
				1871EEAB2E00BEB600BEDD99 /* Cell */,
				1871EE872E00A5CE00BEDD99 /* ViewModels */,
				1871EE8A2E00A62B00BEDD99 /* ListUsersViewController.swift */,
				1871EE8C2E00A6F400BEDD99 /* ListUsersUI.swift */,
			);
			path = List;
			sourceTree = "<group>";
		};
		1871EE872E00A5CE00BEDD99 /* ViewModels */ = {
			isa = PBXGroup;
			children = (
				1871EE882E00A5E000BEDD99 /* ListUsersViewModel.swift */,
				1894B96E2E01F09500AC97DA /* UserRowViewModel.swift */,
			);
			path = ViewModels;
			sourceTree = "<group>";
		};
		1871EE912E00A7A000BEDD99 /* UI */ = {
			isa = PBXGroup;
			children = (
				1871EE922E00A7A000BEDD99 /* BaseUI.swift */,
			);
			path = UI;
			sourceTree = "<group>";
		};
		1871EE9B2E00AD9200BEDD99 /* Frameworks */ = {
			isa = PBXGroup;
			children = (
			);
			name = Frameworks;
			sourceTree = "<group>";
		};
		1871EEA62E00BA7700BEDD99 /* Extensions */ = {
			isa = PBXGroup;
			children = (
				1871EEA72E00BA8900BEDD99 /* AppNavigationController.swift */,
				1894B9662E01774F00AC97DA /* EndPoint+Users.swift */,
			);
			path = Extensions;
			sourceTree = "<group>";
		};
		1871EEAB2E00BEB600BEDD99 /* Cell */ = {
			isa = PBXGroup;
			children = (
				1871EEAC2E00BEC900BEDD99 /* UserCell.swift */,
			);
			path = Cell;
			sourceTree = "<group>";
		};
		1871EEAE2E00C00400BEDD99 /* UIExtensions */ = {
			isa = PBXGroup;
			children = (
				1871EEAF2E00C01300BEDD99 /* UIViewController.swift */,
				1871EEB92E00C74600BEDD99 /* UIImageView.swift */,
			);
			path = UIExtensions;
			sourceTree = "<group>";
		};
		1871EEB42E00C25600BEDD99 /* DefaultUsersUseCase */ = {
			isa = PBXGroup;
			children = (
				1871EEB52E00C26800BEDD99 /* DefaultUsersUseCase.swift */,
			);
			path = DefaultUsersUseCase;
			sourceTree = "<group>";
		};
		1894B9702E01F43E00AC97DA /* Coordinators */ = {
			isa = PBXGroup;
			children = (
				1871EE7B2E00A44B00BEDD99 /* AppCoordinator.swift */,
				1871EEA92E00BABD00BEDD99 /* ListUsersCoordinator.swift */,
				1894B9712E01F4D800AC97DA /* DetailsCoordinator.swift */,
			);
			path = Coordinators;
			sourceTree = "<group>";
		};
		1894B9752E01F8E500AC97DA /* Details */ = {
			isa = PBXGroup;
			children = (
				185FC7C52E0350C800C0772B /* Cells */,
				185FC7C42E0350C200C0772B /* ViewModels */,
				1894B9762E01F8F900AC97DA /* DetailsViewController.swift */,
				185FC7C22E034FB600C0772B /* DetailsUI.swift */,
			);
			path = Details;
			sourceTree = "<group>";
		};
		1894B97A2E01FAE000AC97DA /* DefaultUserDetailsUseCase */ = {
			isa = PBXGroup;
			children = (
				1894B97B2E01FAEF00AC97DA /* DefaultUserDetailsUseCase.swift */,
			);
			path = DefaultUserDetailsUseCase;
			sourceTree = "<group>";
		};
/* End PBXGroup section */

/* Begin PBXNativeTarget section */
		181F87D52E00A3AD004FB8EF /* GithubChallenge */ = {
			isa = PBXNativeTarget;
			buildConfigurationList = 181F88002E00A3AF004FB8EF /* Build configuration list for PBXNativeTarget "GithubChallenge" */;
			buildPhases = (
				181F87D22E00A3AD004FB8EF /* Sources */,
				181F87D32E00A3AD004FB8EF /* Frameworks */,
				181F87D42E00A3AD004FB8EF /* Resources */,
				185FC7D42E07086700C0772B /* ShellScript */,
			);
			buildRules = (
			);
			dependencies = (
			);
			name = GithubChallenge;
			packageProductDependencies = (
				1871EE9C2E00AD9200BEDD99 /* Coordinator */,
				1871EE9E2E00AD9500BEDD99 /* DesignSystem */,
				1871EEA02E00AD9800BEDD99 /* Extensions */,
				1871EEA22E00AD9B00BEDD99 /* Networking */,
				1871EEA42E00AE1900BEDD99 /* SnapKit */,
				1894B9642E01701E00AC97DA /* SDWebImage */,
				1894B96A2E01C5C500AC97DA /* Utils */,
			);
			productName = GithubChallenge;
			productReference = 181F87D62E00A3AD004FB8EF /* GithubChallenge.app */;
			productType = "com.apple.product-type.application";
		};
		181F87EB2E00A3AF004FB8EF /* GithubChallengeTests */ = {
			isa = PBXNativeTarget;
			buildConfigurationList = 181F88032E00A3AF004FB8EF /* Build configuration list for PBXNativeTarget "GithubChallengeTests" */;
			buildPhases = (
				181F87E82E00A3AF004FB8EF /* Sources */,
				181F87E92E00A3AF004FB8EF /* Frameworks */,
				181F87EA2E00A3AF004FB8EF /* Resources */,
			);
			buildRules = (
			);
			dependencies = (
				181F87EE2E00A3AF004FB8EF /* PBXTargetDependency */,
			);
			name = GithubChallengeTests;
			productName = GithubChallengeTests;
			productReference = 181F87EC2E00A3AF004FB8EF /* GithubChallengeTests.xctest */;
			productType = "com.apple.product-type.bundle.unit-test";
		};
/* End PBXNativeTarget section */

/* Begin PBXProject section */
		181F87CE2E00A3AD004FB8EF /* Project object */ = {
			isa = PBXProject;
			attributes = {
				BuildIndependentTargetsInParallel = 1;
				LastSwiftUpdateCheck = 1520;
				LastUpgradeCheck = 1520;
				TargetAttributes = {
					181F87D52E00A3AD004FB8EF = {
						CreatedOnToolsVersion = 15.2;
					};
					181F87EB2E00A3AF004FB8EF = {
						CreatedOnToolsVersion = 15.2;
						LastSwiftMigration = 1520;
						TestTargetID = 181F87D52E00A3AD004FB8EF;
					};
				};
			};
			buildConfigurationList = 181F87D12E00A3AD004FB8EF /* Build configuration list for PBXProject "GithubChallenge" */;
			compatibilityVersion = "Xcode 14.0";
			developmentRegion = en;
			hasScannedForEncodings = 0;
			knownRegions = (
				en,
				Base,
				ja,
			);
			mainGroup = 181F87CD2E00A3AD004FB8EF;
			packageReferences = (
				1871EE8E2E00A74200BEDD99 /* XCRemoteSwiftPackageReference "SnapKit" */,
				1894B9632E016DDF00AC97DA /* XCRemoteSwiftPackageReference "SDWebImage" */,
			);
			productRefGroup = 181F87D72E00A3AD004FB8EF /* Products */;
			projectDirPath = "";
			projectRoot = "";
			targets = (
				181F87D52E00A3AD004FB8EF /* GithubChallenge */,
				181F87EB2E00A3AF004FB8EF /* GithubChallengeTests */,
			);
		};
/* End PBXProject section */

/* Begin PBXResourcesBuildPhase section */
		181F87D42E00A3AD004FB8EF /* Resources */ = {
			isa = PBXResourcesBuildPhase;
			buildActionMask = 2147483647;
			files = (
				181F87E62E00A3AF004FB8EF /* LaunchScreen.storyboard in Resources */,
				181F87E32E00A3AF004FB8EF /* Assets.xcassets in Resources */,
				185FC7D32E05B65000C0772B /* Localizable.xcstrings in Resources */,
			);
			runOnlyForDeploymentPostprocessing = 0;
		};
		181F87EA2E00A3AF004FB8EF /* Resources */ = {
			isa = PBXResourcesBuildPhase;
			buildActionMask = 2147483647;
			files = (
				185FC7EF2E073C2600C0772B /* user_details_response.json in Resources */,
				185FC8322E073D7E00C0772B /* user_repos_response_empty.json in Resources */,
				185FC8162E073D5500C0772B /* user_repos_response.json in Resources */,
				185FC7EE2E073C2600C0772B /* user_details_response_empty.json in Resources */,
				185FC7E52E0732DA00C0772B /* users_response.json in Resources */,
				185FC8142E073D3500C0772B /* users_response_empty.json in Resources */,
			);
			runOnlyForDeploymentPostprocessing = 0;
		};
/* End PBXResourcesBuildPhase section */

/* Begin PBXShellScriptBuildPhase section */
		185FC7D42E07086700C0772B /* ShellScript */ = {
			isa = PBXShellScriptBuildPhase;
			alwaysOutOfDate = 1;
			buildActionMask = 2147483647;
			files = (
			);
			inputFileListPaths = (
			);
			inputPaths = (
			);
			outputFileListPaths = (
			);
			outputPaths = (
			);
			runOnlyForDeploymentPostprocessing = 0;
			shellPath = /bin/sh;
			shellScript = "\nif [[ \"$(uname -m)\" == arm64 ]]; then\n    export PATH=\"/opt/homebrew/bin:$PATH\"\nfi\n\nif which swiftlint > /dev/null; then\n  swiftlint\nelse\n  echo \"warning: SwiftLint not installed, download from https://github.com/realm/SwiftLint\"\nfi\n";
		};
/* End PBXShellScriptBuildPhase section */

/* Begin PBXSourcesBuildPhase section */
		181F87D22E00A3AD004FB8EF /* Sources */ = {
			isa = PBXSourcesBuildPhase;
			buildActionMask = 2147483647;
			files = (
				185FC7CF2E04676C00C0772B /* Repository.swift in Sources */,
				1871EE9A2E00AD2300BEDD99 /* User.swift in Sources */,
				1894B9772E01F8F900AC97DA /* DetailsViewController.swift in Sources */,
				1871EE932E00A7A000BEDD99 /* BaseUI.swift in Sources */,
				1871EE7E2E00A45200BEDD99 /* AppServiceLocator.swift in Sources */,
				1871EE7C2E00A44B00BEDD99 /* AppCoordinator.swift in Sources */,
				1894B9722E01F4D800AC97DA /* DetailsCoordinator.swift in Sources */,
				1894B9672E01774F00AC97DA /* EndPoint+Users.swift in Sources */,
				181F87DA2E00A3AD004FB8EF /* AppDelegate.swift in Sources */,
				185FC7C32E034FB600C0772B /* DetailsUI.swift in Sources */,
				185FC7CB2E03536F00C0772B /* UserDetailsRowViewModel.swift in Sources */,
				1871EE982E00A87B00BEDD99 /* GithubUserUseCase.swift in Sources */,
				1871EEA82E00BA8900BEDD99 /* AppNavigationController.swift in Sources */,
				1871EEB02E00C01300BEDD99 /* UIViewController.swift in Sources */,
				1871EEAD2E00BEC900BEDD99 /* UserCell.swift in Sources */,
				1871EE892E00A5E000BEDD99 /* ListUsersViewModel.swift in Sources */,
				1871EE8B2E00A62B00BEDD99 /* ListUsersViewController.swift in Sources */,
				185FC7C92E03511D00C0772B /* RepositoryCell.swift in Sources */,
				185FC7CD2E03548100C0772B /* DetailsViewModel.swift in Sources */,
				185FC7C72E03510900C0772B /* DetailsUserCell.swift in Sources */,
				1871EEBA2E00C74600BEDD99 /* UIImageView.swift in Sources */,
				1871EEAA2E00BABD00BEDD99 /* ListUsersCoordinator.swift in Sources */,
				1871EE8D2E00A6F400BEDD99 /* ListUsersUI.swift in Sources */,
				1894B9792E01FAB900AC97DA /* UserDetailsUseCase.swift in Sources */,
				1871EE852E00A52500BEDD99 /* Strings.swift in Sources */,
				1871EE952E00A84300BEDD99 /* ListUsersViewControllerFactory.swift in Sources */,
				1894B9742E01F8AC00AC97DA /* DetailsViewControllerFactory.swift in Sources */,
				185FC7D12E04682500C0772B /* RepositoryRowViewModel.swift in Sources */,
				181F87DC2E00A3AD004FB8EF /* SceneDelegate.swift in Sources */,
				1871EEB62E00C26800BEDD99 /* DefaultUsersUseCase.swift in Sources */,
				1894B97C2E01FAF000AC97DA /* DefaultUserDetailsUseCase.swift in Sources */,
				1894B96F2E01F09500AC97DA /* UserRowViewModel.swift in Sources */,
			);
			runOnlyForDeploymentPostprocessing = 0;
		};
		181F87E82E00A3AF004FB8EF /* Sources */ = {
			isa = PBXSourcesBuildPhase;
			buildActionMask = 2147483647;
			files = (
				185FC84A2E07489200C0772B /* MockUserDetailsCoordinator.swift in Sources */,
				185FC7E92E0732EC00C0772B /* MockListUsersCoordinator.swift in Sources */,
				185FC8402E0743E300C0772B /* UserDetailsUseCaseTests.swift in Sources */,
				185FC7E02E0732CE00C0772B /* MockNetworkService.swift in Sources */,
				185FC7D92E0731C300C0772B /* ListUsersCoordinatorTests.swift in Sources */,
				185FC8342E073F7800C0772B /* XCTestAysncExpectation.swift in Sources */,
				185FC8412E0743E300C0772B /* GithubUsersUseCaseTests.swift in Sources */,
				185FC7E72E0732E100C0772B /* MockUsersUseCase.swift in Sources */,
				185FC8462E07476400C0772B /* DetailsViewModelTests.swift in Sources */,
				185FC8482E0747CA00C0772B /* MockUserDetailsUseCase.swift in Sources */,
				185FC83A2E07410B00C0772B /* ListUsersViewModelTests.swift in Sources */,
				185FC7EB2E0732F700C0772B /* MockResponseBuilder.swift in Sources */,
			);
			runOnlyForDeploymentPostprocessing = 0;
		};
/* End PBXSourcesBuildPhase section */

/* Begin PBXTargetDependency section */
		181F87EE2E00A3AF004FB8EF /* PBXTargetDependency */ = {
			isa = PBXTargetDependency;
			target = 181F87D52E00A3AD004FB8EF /* GithubChallenge */;
			targetProxy = 181F87ED2E00A3AF004FB8EF /* PBXContainerItemProxy */;
		};
/* End PBXTargetDependency section */

/* Begin PBXVariantGroup section */
		181F87E42E00A3AF004FB8EF /* LaunchScreen.storyboard */ = {
			isa = PBXVariantGroup;
			children = (
				181F87E52E00A3AF004FB8EF /* Base */,
			);
			name = LaunchScreen.storyboard;
			sourceTree = "<group>";
		};
/* End PBXVariantGroup section */

/* Begin XCBuildConfiguration section */
		181F87FE2E00A3AF004FB8EF /* Debug */ = {
			isa = XCBuildConfiguration;
			buildSettings = {
				ALWAYS_SEARCH_USER_PATHS = NO;
				ASSETCATALOG_COMPILER_GENERATE_SWIFT_ASSET_SYMBOL_EXTENSIONS = YES;
				CLANG_ANALYZER_NONNULL = YES;
				CLANG_ANALYZER_NUMBER_OBJECT_CONVERSION = YES_AGGRESSIVE;
				CLANG_CXX_LANGUAGE_STANDARD = "gnu++20";
				CLANG_ENABLE_MODULES = YES;
				CLANG_ENABLE_OBJC_ARC = YES;
				CLANG_ENABLE_OBJC_WEAK = YES;
				CLANG_WARN_BLOCK_CAPTURE_AUTORELEASING = YES;
				CLANG_WARN_BOOL_CONVERSION = YES;
				CLANG_WARN_COMMA = YES;
				CLANG_WARN_CONSTANT_CONVERSION = YES;
				CLANG_WARN_DEPRECATED_OBJC_IMPLEMENTATIONS = YES;
				CLANG_WARN_DIRECT_OBJC_ISA_USAGE = YES_ERROR;
				CLANG_WARN_DOCUMENTATION_COMMENTS = YES;
				CLANG_WARN_EMPTY_BODY = YES;
				CLANG_WARN_ENUM_CONVERSION = YES;
				CLANG_WARN_INFINITE_RECURSION = YES;
				CLANG_WARN_INT_CONVERSION = YES;
				CLANG_WARN_NON_LITERAL_NULL_CONVERSION = YES;
				CLANG_WARN_OBJC_IMPLICIT_RETAIN_SELF = YES;
				CLANG_WARN_OBJC_LITERAL_CONVERSION = YES;
				CLANG_WARN_OBJC_ROOT_CLASS = YES_ERROR;
				CLANG_WARN_QUOTED_INCLUDE_IN_FRAMEWORK_HEADER = YES;
				CLANG_WARN_RANGE_LOOP_ANALYSIS = YES;
				CLANG_WARN_STRICT_PROTOTYPES = YES;
				CLANG_WARN_SUSPICIOUS_MOVE = YES;
				CLANG_WARN_UNGUARDED_AVAILABILITY = YES_AGGRESSIVE;
				CLANG_WARN_UNREACHABLE_CODE = YES;
				CLANG_WARN__DUPLICATE_METHOD_MATCH = YES;
				COPY_PHASE_STRIP = NO;
				DEBUG_INFORMATION_FORMAT = dwarf;
				ENABLE_STRICT_OBJC_MSGSEND = YES;
				ENABLE_TESTABILITY = YES;
				ENABLE_USER_SCRIPT_SANDBOXING = NO;
				GCC_C_LANGUAGE_STANDARD = gnu17;
				GCC_DYNAMIC_NO_PIC = NO;
				GCC_NO_COMMON_BLOCKS = YES;
				GCC_OPTIMIZATION_LEVEL = 0;
				GCC_PREPROCESSOR_DEFINITIONS = (
					"DEBUG=1",
					"$(inherited)",
				);
				GCC_WARN_64_TO_32_BIT_CONVERSION = YES;
				GCC_WARN_ABOUT_RETURN_TYPE = YES_ERROR;
				GCC_WARN_UNDECLARED_SELECTOR = YES;
				GCC_WARN_UNINITIALIZED_AUTOS = YES_AGGRESSIVE;
				GCC_WARN_UNUSED_FUNCTION = YES;
				GCC_WARN_UNUSED_VARIABLE = YES;
				IPHONEOS_DEPLOYMENT_TARGET = 17.2;
				LOCALIZATION_PREFERS_STRING_CATALOGS = YES;
				MTL_ENABLE_DEBUG_INFO = INCLUDE_SOURCE;
				MTL_FAST_MATH = YES;
				ONLY_ACTIVE_ARCH = YES;
				SDKROOT = iphoneos;
				SWIFT_ACTIVE_COMPILATION_CONDITIONS = "DEBUG $(inherited)";
				SWIFT_OPTIMIZATION_LEVEL = "-Onone";
			};
			name = Debug;
		};
		181F87FF2E00A3AF004FB8EF /* Release */ = {
			isa = XCBuildConfiguration;
			buildSettings = {
				ALWAYS_SEARCH_USER_PATHS = NO;
				ASSETCATALOG_COMPILER_GENERATE_SWIFT_ASSET_SYMBOL_EXTENSIONS = YES;
				CLANG_ANALYZER_NONNULL = YES;
				CLANG_ANALYZER_NUMBER_OBJECT_CONVERSION = YES_AGGRESSIVE;
				CLANG_CXX_LANGUAGE_STANDARD = "gnu++20";
				CLANG_ENABLE_MODULES = YES;
				CLANG_ENABLE_OBJC_ARC = YES;
				CLANG_ENABLE_OBJC_WEAK = YES;
				CLANG_WARN_BLOCK_CAPTURE_AUTORELEASING = YES;
				CLANG_WARN_BOOL_CONVERSION = YES;
				CLANG_WARN_COMMA = YES;
				CLANG_WARN_CONSTANT_CONVERSION = YES;
				CLANG_WARN_DEPRECATED_OBJC_IMPLEMENTATIONS = YES;
				CLANG_WARN_DIRECT_OBJC_ISA_USAGE = YES_ERROR;
				CLANG_WARN_DOCUMENTATION_COMMENTS = YES;
				CLANG_WARN_EMPTY_BODY = YES;
				CLANG_WARN_ENUM_CONVERSION = YES;
				CLANG_WARN_INFINITE_RECURSION = YES;
				CLANG_WARN_INT_CONVERSION = YES;
				CLANG_WARN_NON_LITERAL_NULL_CONVERSION = YES;
				CLANG_WARN_OBJC_IMPLICIT_RETAIN_SELF = YES;
				CLANG_WARN_OBJC_LITERAL_CONVERSION = YES;
				CLANG_WARN_OBJC_ROOT_CLASS = YES_ERROR;
				CLANG_WARN_QUOTED_INCLUDE_IN_FRAMEWORK_HEADER = YES;
				CLANG_WARN_RANGE_LOOP_ANALYSIS = YES;
				CLANG_WARN_STRICT_PROTOTYPES = YES;
				CLANG_WARN_SUSPICIOUS_MOVE = YES;
				CLANG_WARN_UNGUARDED_AVAILABILITY = YES_AGGRESSIVE;
				CLANG_WARN_UNREACHABLE_CODE = YES;
				CLANG_WARN__DUPLICATE_METHOD_MATCH = YES;
				COPY_PHASE_STRIP = NO;
				DEBUG_INFORMATION_FORMAT = "dwarf-with-dsym";
				ENABLE_NS_ASSERTIONS = NO;
				ENABLE_STRICT_OBJC_MSGSEND = YES;
				ENABLE_USER_SCRIPT_SANDBOXING = NO;
				GCC_C_LANGUAGE_STANDARD = gnu17;
				GCC_NO_COMMON_BLOCKS = YES;
				GCC_WARN_64_TO_32_BIT_CONVERSION = YES;
				GCC_WARN_ABOUT_RETURN_TYPE = YES_ERROR;
				GCC_WARN_UNDECLARED_SELECTOR = YES;
				GCC_WARN_UNINITIALIZED_AUTOS = YES_AGGRESSIVE;
				GCC_WARN_UNUSED_FUNCTION = YES;
				GCC_WARN_UNUSED_VARIABLE = YES;
				IPHONEOS_DEPLOYMENT_TARGET = 17.2;
				LOCALIZATION_PREFERS_STRING_CATALOGS = YES;
				MTL_ENABLE_DEBUG_INFO = NO;
				MTL_FAST_MATH = YES;
				SDKROOT = iphoneos;
				SWIFT_COMPILATION_MODE = wholemodule;
				VALIDATE_PRODUCT = YES;
			};
			name = Release;
		};
		181F88012E00A3AF004FB8EF /* Debug */ = {
			isa = XCBuildConfiguration;
			buildSettings = {
				ASSETCATALOG_COMPILER_APPICON_NAME = AppIcon;
				ASSETCATALOG_COMPILER_GLOBAL_ACCENT_COLOR_NAME = AccentColor;
				CODE_SIGN_STYLE = Automatic;
				CURRENT_PROJECT_VERSION = 1;
				GENERATE_INFOPLIST_FILE = YES;
				INFOPLIST_FILE = GithubChallenge/Info.plist;
				INFOPLIST_KEY_UIApplicationSupportsIndirectInputEvents = YES;
				INFOPLIST_KEY_UILaunchStoryboardName = LaunchScreen;
				INFOPLIST_KEY_UIMainStoryboardFile = "";
				INFOPLIST_KEY_UISupportedInterfaceOrientations_iPad = "UIInterfaceOrientationPortrait UIInterfaceOrientationPortraitUpsideDown UIInterfaceOrientationLandscapeLeft UIInterfaceOrientationLandscapeRight";
				INFOPLIST_KEY_UISupportedInterfaceOrientations_iPhone = "UIInterfaceOrientationPortrait UIInterfaceOrientationLandscapeLeft UIInterfaceOrientationLandscapeRight";
				LD_RUNPATH_SEARCH_PATHS = (
					"$(inherited)",
					"@executable_path/Frameworks",
				);
				MARKETING_VERSION = 1.0;
				PRODUCT_BUNDLE_IDENTIFIER = none.GithubChallenge;
				PRODUCT_NAME = "$(TARGET_NAME)";
				SWIFT_EMIT_LOC_STRINGS = YES;
				SWIFT_VERSION = 5.0;
				TARGETED_DEVICE_FAMILY = "1,2";
			};
			name = Debug;
		};
		181F88022E00A3AF004FB8EF /* Release */ = {
			isa = XCBuildConfiguration;
			buildSettings = {
				ASSETCATALOG_COMPILER_APPICON_NAME = AppIcon;
				ASSETCATALOG_COMPILER_GLOBAL_ACCENT_COLOR_NAME = AccentColor;
				CODE_SIGN_STYLE = Automatic;
				CURRENT_PROJECT_VERSION = 1;
				GENERATE_INFOPLIST_FILE = YES;
				INFOPLIST_FILE = GithubChallenge/Info.plist;
				INFOPLIST_KEY_UIApplicationSupportsIndirectInputEvents = YES;
				INFOPLIST_KEY_UILaunchStoryboardName = LaunchScreen;
				INFOPLIST_KEY_UIMainStoryboardFile = "";
				INFOPLIST_KEY_UISupportedInterfaceOrientations_iPad = "UIInterfaceOrientationPortrait UIInterfaceOrientationPortraitUpsideDown UIInterfaceOrientationLandscapeLeft UIInterfaceOrientationLandscapeRight";
				INFOPLIST_KEY_UISupportedInterfaceOrientations_iPhone = "UIInterfaceOrientationPortrait UIInterfaceOrientationLandscapeLeft UIInterfaceOrientationLandscapeRight";
				LD_RUNPATH_SEARCH_PATHS = (
					"$(inherited)",
					"@executable_path/Frameworks",
				);
				MARKETING_VERSION = 1.0;
				PRODUCT_BUNDLE_IDENTIFIER = none.GithubChallenge;
				PRODUCT_NAME = "$(TARGET_NAME)";
				SWIFT_EMIT_LOC_STRINGS = YES;
				SWIFT_VERSION = 5.0;
				TARGETED_DEVICE_FAMILY = "1,2";
			};
			name = Release;
		};
		181F88042E00A3AF004FB8EF /* Debug */ = {
			isa = XCBuildConfiguration;
			buildSettings = {
				ALWAYS_EMBED_SWIFT_STANDARD_LIBRARIES = YES;
				BUNDLE_LOADER = "$(TEST_HOST)";
				CLANG_ENABLE_MODULES = YES;
				CODE_SIGN_STYLE = Automatic;
				CURRENT_PROJECT_VERSION = 1;
				GENERATE_INFOPLIST_FILE = YES;
				IPHONEOS_DEPLOYMENT_TARGET = 17.2;
				MARKETING_VERSION = 1.0;
				PRODUCT_BUNDLE_IDENTIFIER = none.GithubChallengeTests;
				PRODUCT_NAME = "$(TARGET_NAME)";
				SWIFT_EMIT_LOC_STRINGS = NO;
				SWIFT_OPTIMIZATION_LEVEL = "-Onone";
				SWIFT_VERSION = 5.0;
				TARGETED_DEVICE_FAMILY = "1,2";
				TEST_HOST = "$(BUILT_PRODUCTS_DIR)/GithubChallenge.app/$(BUNDLE_EXECUTABLE_FOLDER_PATH)/GithubChallenge";
			};
			name = Debug;
		};
		181F88052E00A3AF004FB8EF /* Release */ = {
			isa = XCBuildConfiguration;
			buildSettings = {
				ALWAYS_EMBED_SWIFT_STANDARD_LIBRARIES = YES;
				BUNDLE_LOADER = "$(TEST_HOST)";
				CLANG_ENABLE_MODULES = YES;
				CODE_SIGN_STYLE = Automatic;
				CURRENT_PROJECT_VERSION = 1;
				GENERATE_INFOPLIST_FILE = YES;
				IPHONEOS_DEPLOYMENT_TARGET = 17.2;
				MARKETING_VERSION = 1.0;
				PRODUCT_BUNDLE_IDENTIFIER = none.GithubChallengeTests;
				PRODUCT_NAME = "$(TARGET_NAME)";
				SWIFT_EMIT_LOC_STRINGS = NO;
				SWIFT_VERSION = 5.0;
				TARGETED_DEVICE_FAMILY = "1,2";
				TEST_HOST = "$(BUILT_PRODUCTS_DIR)/GithubChallenge.app/$(BUNDLE_EXECUTABLE_FOLDER_PATH)/GithubChallenge";
			};
			name = Release;
		};
/* End XCBuildConfiguration section */

/* Begin XCConfigurationList section */
		181F87D12E00A3AD004FB8EF /* Build configuration list for PBXProject "GithubChallenge" */ = {
			isa = XCConfigurationList;
			buildConfigurations = (
				181F87FE2E00A3AF004FB8EF /* Debug */,
				181F87FF2E00A3AF004FB8EF /* Release */,
			);
			defaultConfigurationIsVisible = 0;
			defaultConfigurationName = Release;
		};
		181F88002E00A3AF004FB8EF /* Build configuration list for PBXNativeTarget "GithubChallenge" */ = {
			isa = XCConfigurationList;
			buildConfigurations = (
				181F88012E00A3AF004FB8EF /* Debug */,
				181F88022E00A3AF004FB8EF /* Release */,
			);
			defaultConfigurationIsVisible = 0;
			defaultConfigurationName = Release;
		};
		181F88032E00A3AF004FB8EF /* Build configuration list for PBXNativeTarget "GithubChallengeTests" */ = {
			isa = XCConfigurationList;
			buildConfigurations = (
				181F88042E00A3AF004FB8EF /* Debug */,
				181F88052E00A3AF004FB8EF /* Release */,
			);
			defaultConfigurationIsVisible = 0;
			defaultConfigurationName = Release;
		};
/* End XCConfigurationList section */

/* Begin XCRemoteSwiftPackageReference section */
		1871EE8E2E00A74200BEDD99 /* XCRemoteSwiftPackageReference "SnapKit" */ = {
			isa = XCRemoteSwiftPackageReference;
			repositoryURL = "https://github.com/SnapKit/SnapKit.git";
			requirement = {
				kind = upToNextMajorVersion;
				minimumVersion = 5.7.1;
			};
		};
		1894B9632E016DDF00AC97DA /* XCRemoteSwiftPackageReference "SDWebImage" */ = {
			isa = XCRemoteSwiftPackageReference;
			repositoryURL = "https://github.com/SDWebImage/SDWebImage";
			requirement = {
				kind = upToNextMajorVersion;
				minimumVersion = 5.21.1;
			};
		};
/* End XCRemoteSwiftPackageReference section */

/* Begin XCSwiftPackageProductDependency section */
		1871EE9C2E00AD9200BEDD99 /* Coordinator */ = {
			isa = XCSwiftPackageProductDependency;
			productName = Coordinator;
		};
		1871EE9E2E00AD9500BEDD99 /* DesignSystem */ = {
			isa = XCSwiftPackageProductDependency;
			productName = DesignSystem;
		};
		1871EEA02E00AD9800BEDD99 /* Extensions */ = {
			isa = XCSwiftPackageProductDependency;
			productName = Extensions;
		};
		1871EEA22E00AD9B00BEDD99 /* Networking */ = {
			isa = XCSwiftPackageProductDependency;
			productName = Networking;
		};
		1871EEA42E00AE1900BEDD99 /* SnapKit */ = {
			isa = XCSwiftPackageProductDependency;
			package = 1871EE8E2E00A74200BEDD99 /* XCRemoteSwiftPackageReference "SnapKit" */;
			productName = SnapKit;
		};
		1894B9642E01701E00AC97DA /* SDWebImage */ = {
			isa = XCSwiftPackageProductDependency;
			package = 1894B9632E016DDF00AC97DA /* XCRemoteSwiftPackageReference "SDWebImage" */;
			productName = SDWebImage;
		};
		1894B96A2E01C5C500AC97DA /* Utils */ = {
			isa = XCSwiftPackageProductDependency;
			productName = Utils;
		};
/* End XCSwiftPackageProductDependency section */
	};
	rootObject = 181F87CE2E00A3AD004FB8EF /* Project object */;
}
